// !$*UTF8*$!
{
	archiveVersion = 1;
	classes = {
	};
	objectVersion = 50;
	objects = {

/* Begin PBXBuildFile section */
		0228F7D72509662700CCFDFC /* AppDelegate.swift in Sources */ = {isa = PBXBuildFile; fileRef = 0228F7D62509662700CCFDFC /* AppDelegate.swift */; };
		0228F7D92509662700CCFDFC /* SceneDelegate.swift in Sources */ = {isa = PBXBuildFile; fileRef = 0228F7D82509662700CCFDFC /* SceneDelegate.swift */; };
		0228F7DB2509662700CCFDFC /* ContentView.swift in Sources */ = {isa = PBXBuildFile; fileRef = 0228F7DA2509662700CCFDFC /* ContentView.swift */; };
		0228F7DD2509663700CCFDFC /* Assets.xcassets in Resources */ = {isa = PBXBuildFile; fileRef = 0228F7DC2509663700CCFDFC /* Assets.xcassets */; };
		0228F7E02509663700CCFDFC /* Preview Assets.xcassets in Resources */ = {isa = PBXBuildFile; fileRef = 0228F7DF2509663700CCFDFC /* Preview Assets.xcassets */; };
		0228F7E32509663700CCFDFC /* LaunchScreen.storyboard in Resources */ = {isa = PBXBuildFile; fileRef = 0228F7E12509663700CCFDFC /* LaunchScreen.storyboard */; };
		0228F7EB250973C100CCFDFC /* BackgroundGradient.swift in Sources */ = {isa = PBXBuildFile; fileRef = 0228F7EA250973C100CCFDFC /* BackgroundGradient.swift */; };
		0228F7ED2509795400CCFDFC /* Mountains.swift in Sources */ = {isa = PBXBuildFile; fileRef = 0228F7EC2509795400CCFDFC /* Mountains.swift */; };
		0228F7EF250979B700CCFDFC /* DooMText.swift in Sources */ = {isa = PBXBuildFile; fileRef = 0228F7EE250979B700CCFDFC /* DooMText.swift */; };
		0228F7F125097A1F00CCFDFC /* LeftDoomguy.swift in Sources */ = {isa = PBXBuildFile; fileRef = 0228F7F025097A1F00CCFDFC /* LeftDoomguy.swift */; };
		0228F7F325097A3800CCFDFC /* LeftImp.swift in Sources */ = {isa = PBXBuildFile; fileRef = 0228F7F225097A3800CCFDFC /* LeftImp.swift */; };
		0228F7F525097A4500CCFDFC /* CentralDoomguy.swift in Sources */ = {isa = PBXBuildFile; fileRef = 0228F7F425097A4500CCFDFC /* CentralDoomguy.swift */; };
		0228F7F725097A7700CCFDFC /* GunsEffect.swift in Sources */ = {isa = PBXBuildFile; fileRef = 0228F7F625097A7700CCFDFC /* GunsEffect.swift */; };
		0228F7F925097A8600CCFDFC /* RightForeImp.swift in Sources */ = {isa = PBXBuildFile; fileRef = 0228F7F825097A8600CCFDFC /* RightForeImp.swift */; };
		0228F7FB25097A9400CCFDFC /* RightBackImpsHand.swift in Sources */ = {isa = PBXBuildFile; fileRef = 0228F7FA25097A9400CCFDFC /* RightBackImpsHand.swift */; };
		02569787250981F800FD471D /* Triangle.swift in Sources */ = {isa = PBXBuildFile; fileRef = 02569786250981F800FD471D /* Triangle.swift */; };
		0256978925098F5000FD471D /* StrokeText.swift in Sources */ = {isa = PBXBuildFile; fileRef = 0256978825098F5000FD471D /* StrokeText.swift */; };
		0275D467250F422400F3F4BE /* AmazDooMLeft.ttf in Resources */ = {isa = PBXBuildFile; fileRef = 0275D465250F422400F3F4BE /* AmazDooMLeft.ttf */; };
		0275D468250F422400F3F4BE /* AmazDooMRight.ttf in Resources */ = {isa = PBXBuildFile; fileRef = 0275D466250F422400F3F4BE /* AmazDooMRight.ttf */; };
/* End PBXBuildFile section */

/* Begin PBXFileReference section */
		0228F7D32509662700CCFDFC /* DooM_Poster.app */ = {isa = PBXFileReference; explicitFileType = wrapper.application; includeInIndex = 0; path = DooM_Poster.app; sourceTree = BUILT_PRODUCTS_DIR; };
		0228F7D62509662700CCFDFC /* AppDelegate.swift */ = {isa = PBXFileReference; lastKnownFileType = sourcecode.swift; path = AppDelegate.swift; sourceTree = "<group>"; };
		0228F7D82509662700CCFDFC /* SceneDelegate.swift */ = {isa = PBXFileReference; lastKnownFileType = sourcecode.swift; path = SceneDelegate.swift; sourceTree = "<group>"; };
		0228F7DA2509662700CCFDFC /* ContentView.swift */ = {isa = PBXFileReference; lastKnownFileType = sourcecode.swift; path = ContentView.swift; sourceTree = "<group>"; };
		0228F7DC2509663700CCFDFC /* Assets.xcassets */ = {isa = PBXFileReference; lastKnownFileType = folder.assetcatalog; path = Assets.xcassets; sourceTree = "<group>"; };
		0228F7DF2509663700CCFDFC /* Preview Assets.xcassets */ = {isa = PBXFileReference; lastKnownFileType = folder.assetcatalog; path = "Preview Assets.xcassets"; sourceTree = "<group>"; };
		0228F7E22509663700CCFDFC /* Base */ = {isa = PBXFileReference; lastKnownFileType = file.storyboard; name = Base; path = Base.lproj/LaunchScreen.storyboard; sourceTree = "<group>"; };
		0228F7E42509663700CCFDFC /* Info.plist */ = {isa = PBXFileReference; lastKnownFileType = text.plist.xml; path = Info.plist; sourceTree = "<group>"; };
		0228F7EA250973C100CCFDFC /* BackgroundGradient.swift */ = {isa = PBXFileReference; lastKnownFileType = sourcecode.swift; path = BackgroundGradient.swift; sourceTree = "<group>"; };
		0228F7EC2509795400CCFDFC /* Mountains.swift */ = {isa = PBXFileReference; lastKnownFileType = sourcecode.swift; path = Mountains.swift; sourceTree = "<group>"; };
		0228F7EE250979B700CCFDFC /* DooMText.swift */ = {isa = PBXFileReference; lastKnownFileType = sourcecode.swift; path = DooMText.swift; sourceTree = "<group>"; };
		0228F7F025097A1F00CCFDFC /* LeftDoomguy.swift */ = {isa = PBXFileReference; lastKnownFileType = sourcecode.swift; path = LeftDoomguy.swift; sourceTree = "<group>"; };
		0228F7F225097A3800CCFDFC /* LeftImp.swift */ = {isa = PBXFileReference; lastKnownFileType = sourcecode.swift; path = LeftImp.swift; sourceTree = "<group>"; };
		0228F7F425097A4500CCFDFC /* CentralDoomguy.swift */ = {isa = PBXFileReference; lastKnownFileType = sourcecode.swift; path = CentralDoomguy.swift; sourceTree = "<group>"; };
		0228F7F625097A7700CCFDFC /* GunsEffect.swift */ = {isa = PBXFileReference; lastKnownFileType = sourcecode.swift; path = GunsEffect.swift; sourceTree = "<group>"; };
		0228F7F825097A8600CCFDFC /* RightForeImp.swift */ = {isa = PBXFileReference; lastKnownFileType = sourcecode.swift; path = RightForeImp.swift; sourceTree = "<group>"; };
		0228F7FA25097A9400CCFDFC /* RightBackImpsHand.swift */ = {isa = PBXFileReference; lastKnownFileType = sourcecode.swift; path = RightBackImpsHand.swift; sourceTree = "<group>"; };
		02569786250981F800FD471D /* Triangle.swift */ = {isa = PBXFileReference; lastKnownFileType = sourcecode.swift; path = Triangle.swift; sourceTree = "<group>"; };
		0256978825098F5000FD471D /* StrokeText.swift */ = {isa = PBXFileReference; lastKnownFileType = sourcecode.swift; path = StrokeText.swift; sourceTree = "<group>"; };
		0275D465250F422400F3F4BE /* AmazDooMLeft.ttf */ = {isa = PBXFileReference; lastKnownFileType = file; path = AmazDooMLeft.ttf; sourceTree = "<group>"; };
		0275D466250F422400F3F4BE /* AmazDooMRight.ttf */ = {isa = PBXFileReference; lastKnownFileType = file; path = AmazDooMRight.ttf; sourceTree = "<group>"; };
/* End PBXFileReference section */

/* Begin PBXFrameworksBuildPhase section */
		0228F7D02509662700CCFDFC /* Frameworks */ = {
			isa = PBXFrameworksBuildPhase;
			buildActionMask = 2147483647;
			files = (
			);
			runOnlyForDeploymentPostprocessing = 0;
		};
/* End PBXFrameworksBuildPhase section */

/* Begin PBXGroup section */
		0228F7CA2509662700CCFDFC = {
			isa = PBXGroup;
			children = (
				0275D464250F421900F3F4BE /* Fonts */,
				0228F7D52509662700CCFDFC /* DooM_Poster */,
				0228F7D42509662700CCFDFC /* Products */,
			);
			sourceTree = "<group>";
		};
		0228F7D42509662700CCFDFC /* Products */ = {
			isa = PBXGroup;
			children = (
				0228F7D32509662700CCFDFC /* DooM_Poster.app */,
			);
			name = Products;
			sourceTree = "<group>";
		};
		0228F7D52509662700CCFDFC /* DooM_Poster */ = {
			isa = PBXGroup;
			children = (
				0228F7FC25097B6D00CCFDFC /* Pics */,
				0228F7D62509662700CCFDFC /* AppDelegate.swift */,
				0228F7D82509662700CCFDFC /* SceneDelegate.swift */,
				0228F7DA2509662700CCFDFC /* ContentView.swift */,
				0228F7DC2509663700CCFDFC /* Assets.xcassets */,
				0228F7E12509663700CCFDFC /* LaunchScreen.storyboard */,
				0228F7E42509663700CCFDFC /* Info.plist */,
				0228F7DE2509663700CCFDFC /* Preview Content */,
			);
			path = DooM_Poster;
			sourceTree = "<group>";
		};
		0228F7DE2509663700CCFDFC /* Preview Content */ = {
			isa = PBXGroup;
			children = (
				0228F7DF2509663700CCFDFC /* Preview Assets.xcassets */,
			);
			path = "Preview Content";
			sourceTree = "<group>";
		};
		0228F7FC25097B6D00CCFDFC /* Pics */ = {
			isa = PBXGroup;
			children = (
				02569785250981DF00FD471D /* Shapes */,
				0228F7EA250973C100CCFDFC /* BackgroundGradient.swift */,
				0228F7EC2509795400CCFDFC /* Mountains.swift */,
				0228F7EE250979B700CCFDFC /* DooMText.swift */,
				0228F7F025097A1F00CCFDFC /* LeftDoomguy.swift */,
				0228F7F225097A3800CCFDFC /* LeftImp.swift */,
				0228F7F425097A4500CCFDFC /* CentralDoomguy.swift */,
				0228F7F625097A7700CCFDFC /* GunsEffect.swift */,
				0228F7F825097A8600CCFDFC /* RightForeImp.swift */,
				0228F7FA25097A9400CCFDFC /* RightBackImpsHand.swift */,
			);
			path = Pics;
			sourceTree = "<group>";
		};
		02569785250981DF00FD471D /* Shapes */ = {
			isa = PBXGroup;
			children = (
				02569786250981F800FD471D /* Triangle.swift */,
				0256978825098F5000FD471D /* StrokeText.swift */,
			);
			path = Shapes;
			sourceTree = "<group>";
		};
		0275D464250F421900F3F4BE /* Fonts */ = {
			isa = PBXGroup;
			children = (
				0275D465250F422400F3F4BE /* AmazDooMLeft.ttf */,
				0275D466250F422400F3F4BE /* AmazDooMRight.ttf */,
			);
			path = Fonts;
			sourceTree = "<group>";
		};
/* End PBXGroup section */

/* Begin PBXNativeTarget section */
		0228F7D22509662700CCFDFC /* DooM_Poster */ = {
			isa = PBXNativeTarget;
			buildConfigurationList = 0228F7E72509663700CCFDFC /* Build configuration list for PBXNativeTarget "DooM_Poster" */;
			buildPhases = (
				0228F7CF2509662700CCFDFC /* Sources */,
				0228F7D02509662700CCFDFC /* Frameworks */,
				0228F7D12509662700CCFDFC /* Resources */,
			);
			buildRules = (
			);
			dependencies = (
			);
			name = DooM_Poster;
			productName = DooM_Poster;
			productReference = 0228F7D32509662700CCFDFC /* DooM_Poster.app */;
			productType = "com.apple.product-type.application";
		};
/* End PBXNativeTarget section */

/* Begin PBXProject section */
		0228F7CB2509662700CCFDFC /* Project object */ = {
			isa = PBXProject;
			attributes = {
				LastSwiftUpdateCheck = 1170;
				LastUpgradeCheck = 1170;
				ORGANIZATIONNAME = Bassist_Zero;
				TargetAttributes = {
					0228F7D22509662700CCFDFC = {
						CreatedOnToolsVersion = 11.7;
					};
				};
			};
			buildConfigurationList = 0228F7CE2509662700CCFDFC /* Build configuration list for PBXProject "DooM_Poster" */;
			compatibilityVersion = "Xcode 9.3";
			developmentRegion = en;
			hasScannedForEncodings = 0;
			knownRegions = (
				en,
				Base,
			);
			mainGroup = 0228F7CA2509662700CCFDFC;
			productRefGroup = 0228F7D42509662700CCFDFC /* Products */;
			projectDirPath = "";
			projectRoot = "";
			targets = (
				0228F7D22509662700CCFDFC /* DooM_Poster */,
			);
		};
/* End PBXProject section */

/* Begin PBXResourcesBuildPhase section */
		0228F7D12509662700CCFDFC /* Resources */ = {
			isa = PBXResourcesBuildPhase;
			buildActionMask = 2147483647;
			files = (
				0228F7E32509663700CCFDFC /* LaunchScreen.storyboard in Resources */,
				0228F7E02509663700CCFDFC /* Preview Assets.xcassets in Resources */,
				0228F7DD2509663700CCFDFC /* Assets.xcassets in Resources */,
				0275D468250F422400F3F4BE /* AmazDooMRight.ttf in Resources */,
				0275D467250F422400F3F4BE /* AmazDooMLeft.ttf in Resources */,
			);
			runOnlyForDeploymentPostprocessing = 0;
		};
/* End PBXResourcesBuildPhase section */

/* Begin PBXSourcesBuildPhase section */
		0228F7CF2509662700CCFDFC /* Sources */ = {
			isa = PBXSourcesBuildPhase;
			buildActionMask = 2147483647;
			files = (
				0256978925098F5000FD471D /* StrokeText.swift in Sources */,
				0228F7D72509662700CCFDFC /* AppDelegate.swift in Sources */,
				02569787250981F800FD471D /* Triangle.swift in Sources */,
				0228F7FB25097A9400CCFDFC /* RightBackImpsHand.swift in Sources */,
				0228F7F925097A8600CCFDFC /* RightForeImp.swift in Sources */,
				0228F7F325097A3800CCFDFC /* LeftImp.swift in Sources */,
				0228F7EB250973C100CCFDFC /* BackgroundGradient.swift in Sources */,
				0228F7F125097A1F00CCFDFC /* LeftDoomguy.swift in Sources */,
				0228F7D92509662700CCFDFC /* SceneDelegate.swift in Sources */,
				0228F7DB2509662700CCFDFC /* ContentView.swift in Sources */,
				0228F7F525097A4500CCFDFC /* CentralDoomguy.swift in Sources */,
				0228F7ED2509795400CCFDFC /* Mountains.swift in Sources */,
				0228F7EF250979B700CCFDFC /* DooMText.swift in Sources */,
				0228F7F725097A7700CCFDFC /* GunsEffect.swift in Sources */,
			);
			runOnlyForDeploymentPostprocessing = 0;
		};
/* End PBXSourcesBuildPhase section */

/* Begin PBXVariantGroup section */
		0228F7E12509663700CCFDFC /* LaunchScreen.storyboard */ = {
			isa = PBXVariantGroup;
			children = (
				0228F7E22509663700CCFDFC /* Base */,
			);
			name = LaunchScreen.storyboard;
			sourceTree = "<group>";
		};
/* End PBXVariantGroup section */

/* Begin XCBuildConfiguration section */
		0228F7E52509663700CCFDFC /* Debug */ = {
			isa = XCBuildConfiguration;
			buildSettings = {
				ALWAYS_SEARCH_USER_PATHS = NO;
				CLANG_ANALYZER_NONNULL = YES;
				CLANG_ANALYZER_NUMBER_OBJECT_CONVERSION = YES_AGGRESSIVE;
				CLANG_CXX_LANGUAGE_STANDARD = "gnu++14";
				CLANG_CXX_LIBRARY = "libc++";
				CLANG_ENABLE_MODULES = YES;
				CLANG_ENABLE_OBJC_ARC = YES;
				CLANG_ENABLE_OBJC_WEAK = YES;
				CLANG_WARN_BLOCK_CAPTURE_AUTORELEASING = YES;
				CLANG_WARN_BOOL_CONVERSION = YES;
				CLANG_WARN_COMMA = YES;
				CLANG_WARN_CONSTANT_CONVERSION = YES;
				CLANG_WARN_DEPRECATED_OBJC_IMPLEMENTATIONS = YES;
				CLANG_WARN_DIRECT_OBJC_ISA_USAGE = YES_ERROR;
				CLANG_WARN_DOCUMENTATION_COMMENTS = YES;
				CLANG_WARN_EMPTY_BODY = YES;
				CLANG_WARN_ENUM_CONVERSION = YES;
				CLANG_WARN_INFINITE_RECURSION = YES;
				CLANG_WARN_INT_CONVERSION = YES;
				CLANG_WARN_NON_LITERAL_NULL_CONVERSION = YES;
				CLANG_WARN_OBJC_IMPLICIT_RETAIN_SELF = YES;
				CLANG_WARN_OBJC_LITERAL_CONVERSION = YES;
				CLANG_WARN_OBJC_ROOT_CLASS = YES_ERROR;
				CLANG_WARN_RANGE_LOOP_ANALYSIS = YES;
				CLANG_WARN_STRICT_PROTOTYPES = YES;
				CLANG_WARN_SUSPICIOUS_MOVE = YES;
				CLANG_WARN_UNGUARDED_AVAILABILITY = YES_AGGRESSIVE;
				CLANG_WARN_UNREACHABLE_CODE = YES;
				CLANG_WARN__DUPLICATE_METHOD_MATCH = YES;
				COPY_PHASE_STRIP = NO;
				DEBUG_INFORMATION_FORMAT = dwarf;
				ENABLE_STRICT_OBJC_MSGSEND = YES;
				ENABLE_TESTABILITY = YES;
				GCC_C_LANGUAGE_STANDARD = gnu11;
				GCC_DYNAMIC_NO_PIC = NO;
				GCC_NO_COMMON_BLOCKS = YES;
				GCC_OPTIMIZATION_LEVEL = 0;
				GCC_PREPROCESSOR_DEFINITIONS = (
					"DEBUG=1",
					"$(inherited)",
				);
				GCC_WARN_64_TO_32_BIT_CONVERSION = YES;
				GCC_WARN_ABOUT_RETURN_TYPE = YES_ERROR;
				GCC_WARN_UNDECLARED_SELECTOR = YES;
				GCC_WARN_UNINITIALIZED_AUTOS = YES_AGGRESSIVE;
				GCC_WARN_UNUSED_FUNCTION = YES;
				GCC_WARN_UNUSED_VARIABLE = YES;
				IPHONEOS_DEPLOYMENT_TARGET = 13.7;
				MTL_ENABLE_DEBUG_INFO = INCLUDE_SOURCE;
				MTL_FAST_MATH = YES;
				ONLY_ACTIVE_ARCH = YES;
				SDKROOT = iphoneos;
				SWIFT_ACTIVE_COMPILATION_CONDITIONS = DEBUG;
				SWIFT_OPTIMIZATION_LEVEL = "-Onone";
			};
			name = Debug;
		};
		0228F7E62509663700CCFDFC /* Release */ = {
			isa = XCBuildConfiguration;
			buildSettings = {
				ALWAYS_SEARCH_USER_PATHS = NO;
				CLANG_ANALYZER_NONNULL = YES;
				CLANG_ANALYZER_NUMBER_OBJECT_CONVERSION = YES_AGGRESSIVE;
				CLANG_CXX_LANGUAGE_STANDARD = "gnu++14";
				CLANG_CXX_LIBRARY = "libc++";
				CLANG_ENABLE_MODULES = YES;
				CLANG_ENABLE_OBJC_ARC = YES;
				CLANG_ENABLE_OBJC_WEAK = YES;
				CLANG_WARN_BLOCK_CAPTURE_AUTORELEASING = YES;
				CLANG_WARN_BOOL_CONVERSION = YES;
				CLANG_WARN_COMMA = YES;
				CLANG_WARN_CONSTANT_CONVERSION = YES;
				CLANG_WARN_DEPRECATED_OBJC_IMPLEMENTATIONS = YES;
				CLANG_WARN_DIRECT_OBJC_ISA_USAGE = YES_ERROR;
				CLANG_WARN_DOCUMENTATION_COMMENTS = YES;
				CLANG_WARN_EMPTY_BODY = YES;
				CLANG_WARN_ENUM_CONVERSION = YES;
				CLANG_WARN_INFINITE_RECURSION = YES;
				CLANG_WARN_INT_CONVERSION = YES;
				CLANG_WARN_NON_LITERAL_NULL_CONVERSION = YES;
				CLANG_WARN_OBJC_IMPLICIT_RETAIN_SELF = YES;
				CLANG_WARN_OBJC_LITERAL_CONVERSION = YES;
				CLANG_WARN_OBJC_ROOT_CLASS = YES_ERROR;
				CLANG_WARN_RANGE_LOOP_ANALYSIS = YES;
				CLANG_WARN_STRICT_PROTOTYPES = YES;
				CLANG_WARN_SUSPICIOUS_MOVE = YES;
				CLANG_WARN_UNGUARDED_AVAILABILITY = YES_AGGRESSIVE;
				CLANG_WARN_UNREACHABLE_CODE = YES;
				CLANG_WARN__DUPLICATE_METHOD_MATCH = YES;
				COPY_PHASE_STRIP = NO;
				DEBUG_INFORMATION_FORMAT = "dwarf-with-dsym";
				ENABLE_NS_ASSERTIONS = NO;
				ENABLE_STRICT_OBJC_MSGSEND = YES;
				GCC_C_LANGUAGE_STANDARD = gnu11;
				GCC_NO_COMMON_BLOCKS = YES;
				GCC_WARN_64_TO_32_BIT_CONVERSION = YES;
				GCC_WARN_ABOUT_RETURN_TYPE = YES_ERROR;
				GCC_WARN_UNDECLARED_SELECTOR = YES;
				GCC_WARN_UNINITIALIZED_AUTOS = YES_AGGRESSIVE;
				GCC_WARN_UNUSED_FUNCTION = YES;
				GCC_WARN_UNUSED_VARIABLE = YES;
				IPHONEOS_DEPLOYMENT_TARGET = 13.7;
				MTL_ENABLE_DEBUG_INFO = NO;
				MTL_FAST_MATH = YES;
				SDKROOT = iphoneos;
				SWIFT_COMPILATION_MODE = wholemodule;
				SWIFT_OPTIMIZATION_LEVEL = "-O";
				VALIDATE_PRODUCT = YES;
			};
			name = Release;
		};
		0228F7E82509663700CCFDFC /* Debug */ = {
			isa = XCBuildConfiguration;
			buildSettings = {
				ASSETCATALOG_COMPILER_APPICON_NAME = AppIcon;
				CODE_SIGN_STYLE = Automatic;
				DEVELOPMENT_ASSET_PATHS = "\"DooM_Poster/Preview Content\"";
				DEVELOPMENT_TEAM = SMNXVGXK4L;
				ENABLE_PREVIEWS = YES;
				INFOPLIST_FILE = DooM_Poster/Info.plist;
				LD_RUNPATH_SEARCH_PATHS = (
					"$(inherited)",
					"@executable_path/Frameworks",
				);
				PRODUCT_BUNDLE_IDENTIFIER = "BassistZero.DooM-Poster";
				PRODUCT_NAME = "$(TARGET_NAME)";
				SWIFT_VERSION = 5.0;
				TARGETED_DEVICE_FAMILY = "1,2";
			};
			name = Debug;
		};
		0228F7E92509663700CCFDFC /* Release */ = {
			isa = XCBuildConfiguration;
			buildSettings = {
				ASSETCATALOG_COMPILER_APPICON_NAME = AppIcon;
				CODE_SIGN_STYLE = Automatic;
				DEVELOPMENT_ASSET_PATHS = "\"DooM_Poster/Preview Content\"";
				DEVELOPMENT_TEAM = SMNXVGXK4L;
				ENABLE_PREVIEWS = YES;
				INFOPLIST_FILE = DooM_Poster/Info.plist;
				LD_RUNPATH_SEARCH_PATHS = (
					"$(inherited)",
					"@executable_path/Frameworks",
				);
				PRODUCT_BUNDLE_IDENTIFIER = "BassistZero.DooM-Poster";
				PRODUCT_NAME = "$(TARGET_NAME)";
				SWIFT_VERSION = 5.0;
				TARGETED_DEVICE_FAMILY = "1,2";
			};
			name = Release;
		};
/* End XCBuildConfiguration section */

/* Begin XCConfigurationList section */
		0228F7CE2509662700CCFDFC /* Build configuration list for PBXProject "DooM_Poster" */ = {
			isa = XCConfigurationList;
			buildConfigurations = (
				0228F7E52509663700CCFDFC /* Debug */,
				0228F7E62509663700CCFDFC /* Release */,
			);
			defaultConfigurationIsVisible = 0;
			defaultConfigurationName = Release;
		};
		0228F7E72509663700CCFDFC /* Build configuration list for PBXNativeTarget "DooM_Poster" */ = {
			isa = XCConfigurationList;
			buildConfigurations = (
				0228F7E82509663700CCFDFC /* Debug */,
				0228F7E92509663700CCFDFC /* Release */,
			);
			defaultConfigurationIsVisible = 0;
			defaultConfigurationName = Release;
		};
/* End XCConfigurationList section */
	};
	rootObject = 0228F7CB2509662700CCFDFC /* Project object */;
}
